{
  "requires": true,
  "lockfileVersion": 1,
  "dependencies": {
    "ngx-quill": {
      "version": "11.0.0",
      "resolved": "https://registry.npmjs.org/ngx-quill/-/ngx-quill-11.0.0.tgz",
      "integrity": "sha512-AXFlRHFI8YpWSCVAGEsil8gdRyF0xFfio7N2UXc69oUsDYBlv7rjU1/jNsLH2C1ManbIAh8y1BzYOAAVbDL4OQ=="
    }
  }
}
